
Microsoft Visual Studio Solution File, Format Version 12.00
# Visual Studio Version 17
VisualStudioVersion = 17.0.31903.59
MinimumVisualStudioVersion = 10.0.40219.1
Project("{2150E333-8FDC-42A3-9474-1A3956D46DE8}") = "src", "src", "{02EA681E-C7D8-13C7-8484-4AC65E1B71E8}"
EndProject
Project("{2150E333-8FDC-42A3-9474-1A3956D46DE8}") = "tests", "tests", "{9D954FA8-E150-4BDF-B14C-B854F43BF039}"
EndProject
Project("{FAE04EC0-301F-11D3-BF4B-00C04F79EFBC}") = "IdentityForge.Domain", "src\IdentityForge.Domain\IdentityForge.Domain.csproj", "{DE6734C7-9D3D-41F7-A849-12BEF78342D7}"
EndProject
Project("{FAE04EC0-301F-11D3-BF4B-00C04F79EFBC}") = "IdentityForge.Application", "src\IdentityForge.Application\IdentityForge.Application.csproj", "{37A23D88-B8A8-4AE0-8BF9-C0052A541050}"
EndProject
Project("{FAE04EC0-301F-11D3-BF4B-00C04F79EFBC}") = "IdentityForge.Infrastructure", "src\IdentityForge.Infrastructure\IdentityForge.Infrastructure.csproj", "{F9E50C0F-758F-4ED2-B102-8A8FF4703358}"
EndProject
Project("{FAE04EC0-301F-11D3-BF4B-00C04F79EFBC}") = "IdentityForge.Web", "src\IdentityForge.Web\IdentityForge.Web.csproj", "{73BDEF7E-FE69-4FCC-8EFD-8775E46DFF89}"
EndProject
Project("{2150E333-8FDC-42A3-9474-1A3956D46DE8}") = "Solution Items", "Solution Items", "{8EC462FD-D22E-90A8-E5CE-7E832BA40C5D}"
	ProjectSection(SolutionItems) = preProject
		.editorconfig = .editorconfig
		.gitignore = .gitignore
		..\.github\workflows\backend-build.yml = ..\.github\workflows\backend-build.yml
		README.md = README.md
	EndProjectSection
EndProject
Project("{FAE04EC0-301F-11D3-BF4B-00C04F79EFBC}") = "IdentityForge.Domain.UnitTests", "tests\IdentityForge.Domain.UnitTests\IdentityForge.Domain.UnitTests.csproj", "{1C62F130-1AC1-42B5-A3E2-18FD30BC1691}"
EndProject
Project("{FAE04EC0-301F-11D3-BF4B-00C04F79EFBC}") = "IdentityForge.Application.UnitTests", "tests\IdentityForge.Application.UnitTests\IdentityForge.Application.UnitTests.csproj", "{5EE9E60B-CD85-455F-B004-1FF60E620D91}"
EndProject
Project("{FAE04EC0-301F-11D3-BF4B-00C04F79EFBC}") = "IdentityForge.Infrastructure.IntegrationTests", "tests\IdentityForge.Infrastructure.IntegrationTests\IdentityForge.Infrastructure.IntegrationTests.csproj", "{3F18AE97-9236-4717-B9B5-0EDB637996F4}"
EndProject
Project("{FAE04EC0-301F-11D3-BF4B-00C04F79EFBC}") = "IdentityForge.Web.AcceptanceTests", "tests\IdentityForge.Web.AcceptanceTests\IdentityForge.Web.AcceptanceTests.csproj", "{31E2F48F-853C-4772-9B60-0F7AAC8C3CFD}"
EndProject
Global
	GlobalSection(SolutionConfigurationPlatforms) = preSolution
		Debug|Any CPU = Debug|Any CPU
		Release|Any CPU = Release|Any CPU
	EndGlobalSection
	GlobalSection(ProjectConfigurationPlatforms) = postSolution
		{DE6734C7-9D3D-41F7-A849-12BEF78342D7}.Debug|Any CPU.ActiveCfg = Debug|Any CPU
		{DE6734C7-9D3D-41F7-A849-12BEF78342D7}.Debug|Any CPU.Build.0 = Debug|Any CPU
		{DE6734C7-9D3D-41F7-A849-12BEF78342D7}.Release|Any CPU.ActiveCfg = Release|Any CPU
		{DE6734C7-9D3D-41F7-A849-12BEF78342D7}.Release|Any CPU.Build.0 = Release|Any CPU
		{37A23D88-B8A8-4AE0-8BF9-C0052A541050}.Debug|Any CPU.ActiveCfg = Debug|Any CPU
		{37A23D88-B8A8-4AE0-8BF9-C0052A541050}.Debug|Any CPU.Build.0 = Debug|Any CPU
		{37A23D88-B8A8-4AE0-8BF9-C0052A541050}.Release|Any CPU.ActiveCfg = Release|Any CPU
		{37A23D88-B8A8-4AE0-8BF9-C0052A541050}.Release|Any CPU.Build.0 = Release|Any CPU
		{F9E50C0F-758F-4ED2-B102-8A8FF4703358}.Debug|Any CPU.ActiveCfg = Debug|Any CPU
		{F9E50C0F-758F-4ED2-B102-8A8FF4703358}.Debug|Any CPU.Build.0 = Debug|Any CPU
		{F9E50C0F-758F-4ED2-B102-8A8FF4703358}.Release|Any CPU.ActiveCfg = Release|Any CPU
		{F9E50C0F-758F-4ED2-B102-8A8FF4703358}.Release|Any CPU.Build.0 = Release|Any CPU
		{73BDEF7E-FE69-4FCC-8EFD-8775E46DFF89}.Debug|Any CPU.ActiveCfg = Debug|Any CPU
		{73BDEF7E-FE69-4FCC-8EFD-8775E46DFF89}.Debug|Any CPU.Build.0 = Debug|Any CPU
		{73BDEF7E-FE69-4FCC-8EFD-8775E46DFF89}.Release|Any CPU.ActiveCfg = Release|Any CPU
		{73BDEF7E-FE69-4FCC-8EFD-8775E46DFF89}.Release|Any CPU.Build.0 = Release|Any CPU
		{1C62F130-1AC1-42B5-A3E2-18FD30BC1691}.Debug|Any CPU.ActiveCfg = Debug|Any CPU
		{1C62F130-1AC1-42B5-A3E2-18FD30BC1691}.Debug|Any CPU.Build.0 = Debug|Any CPU
		{1C62F130-1AC1-42B5-A3E2-18FD30BC1691}.Release|Any CPU.ActiveCfg = Release|Any CPU
		{1C62F130-1AC1-42B5-A3E2-18FD30BC1691}.Release|Any CPU.Build.0 = Release|Any CPU
		{5EE9E60B-CD85-455F-B004-1FF60E620D91}.Debug|Any CPU.ActiveCfg = Debug|Any CPU
		{5EE9E60B-CD85-455F-B004-1FF60E620D91}.Debug|Any CPU.Build.0 = Debug|Any CPU
		{5EE9E60B-CD85-455F-B004-1FF60E620D91}.Release|Any CPU.ActiveCfg = Release|Any CPU
		{5EE9E60B-CD85-455F-B004-1FF60E620D91}.Release|Any CPU.Build.0 = Release|Any CPU
		{3F18AE97-9236-4717-B9B5-0EDB637996F4}.Debug|Any CPU.ActiveCfg = Debug|Any CPU
		{3F18AE97-9236-4717-B9B5-0EDB637996F4}.Debug|Any CPU.Build.0 = Debug|Any CPU
		{3F18AE97-9236-4717-B9B5-0EDB637996F4}.Release|Any CPU.ActiveCfg = Release|Any CPU
		{3F18AE97-9236-4717-B9B5-0EDB637996F4}.Release|Any CPU.Build.0 = Release|Any CPU
		{31E2F48F-853C-4772-9B60-0F7AAC8C3CFD}.Debug|Any CPU.ActiveCfg = Debug|Any CPU
		{31E2F48F-853C-4772-9B60-0F7AAC8C3CFD}.Debug|Any CPU.Build.0 = Debug|Any CPU
		{31E2F48F-853C-4772-9B60-0F7AAC8C3CFD}.Release|Any CPU.ActiveCfg = Release|Any CPU
		{31E2F48F-853C-4772-9B60-0F7AAC8C3CFD}.Release|Any CPU.Build.0 = Release|Any CPU
	EndGlobalSection
	GlobalSection(SolutionProperties) = preSolution
		HideSolutionNode = FALSE
	EndGlobalSection
	GlobalSection(NestedProjects) = preSolution
		{DE6734C7-9D3D-41F7-A849-12BEF78342D7} = {02EA681E-C7D8-13C7-8484-4AC65E1B71E8}
		{37A23D88-B8A8-4AE0-8BF9-C0052A541050} = {02EA681E-C7D8-13C7-8484-4AC65E1B71E8}
		{F9E50C0F-758F-4ED2-B102-8A8FF4703358} = {02EA681E-C7D8-13C7-8484-4AC65E1B71E8}
		{73BDEF7E-FE69-4FCC-8EFD-8775E46DFF89} = {02EA681E-C7D8-13C7-8484-4AC65E1B71E8}
		{1C62F130-1AC1-42B5-A3E2-18FD30BC1691} = {9D954FA8-E150-4BDF-B14C-B854F43BF039}
		{5EE9E60B-CD85-455F-B004-1FF60E620D91} = {9D954FA8-E150-4BDF-B14C-B854F43BF039}
		{3F18AE97-9236-4717-B9B5-0EDB637996F4} = {9D954FA8-E150-4BDF-B14C-B854F43BF039}
		{31E2F48F-853C-4772-9B60-0F7AAC8C3CFD} = {9D954FA8-E150-4BDF-B14C-B854F43BF039}
	EndGlobalSection
	GlobalSection(ExtensibilityGlobals) = postSolution
		SolutionGuid = {B74EC260-DDDA-434C-ADFE-3534627D6CA0}
	EndGlobalSection
EndGlobal
